PODS:
  - Alamofire (4.6.0)
  - Mockit (1.3.4)
  - Nimble (7.0.3)
  - Quick (1.2.0)
  - Starscream (3.0.6)

DEPENDENCIES:
  - Alamofire (~> 4.2)
  - Mockit (~> 1.3)
  - Nimble
  - Quick
  - Starscream (from `https://github.com/daltoniam/Starscream`, branch `xcode-10`)

SPEC REPOS:
  https://github.com/cocoapods/specs.git:
    - Alamofire
    - Mockit
    - Nimble
    - Quick

EXTERNAL SOURCES:
  Starscream:
    :branch: xcode-10
    :git: https://github.com/daltoniam/Starscream

CHECKOUT OPTIONS:
  Starscream:
    :commit: 4534f9ca2959f4b6438ff953385ed989e048b4a8
    :git: https://github.com/daltoniam/Starscream

SPEC CHECKSUMS:
  Alamofire: f41a599bd63041760b26d393ec1069d9d7b917f4
  Mockit: 1b253f229dde898b268f8bd5dffcf2fd0151ff75
  Nimble: 7f5a9c447a33002645a071bddafbfb24ea70e0ac
  Quick: 58d203b1c5e27fff7229c4c1ae445ad7069a7a08
  Starscream: ef3ece99d765eeccb67de105bfa143f929026cf5

PODFILE CHECKSUM: d9d903005d5df4dee2062c7a2e7b8a2b683a2bf3

COCOAPODS: 1.5.3
